
Microsoft Visual Studio Solution File, Format Version 12.00
# Visual Studio Version 16
VisualStudioVersion = 16.0.30711.63
MinimumVisualStudioVersion = 10.0.40219.1
Project("{FAE04EC0-301F-11D3-BF4B-00C04F79EFBC}") = "Shirokov_Autoservice", "Shirokov_Autoservice\Shirokov_Autoservice.csproj", "{8F4B4792-BAC5-4A24-BC53-0E5B083E0561}"
EndProject
Global
	GlobalSection(SolutionConfigurationPlatforms) = preSolution
		Debug|Any CPU = Debug|Any CPU
		Release|Any CPU = Release|Any CPU
	EndGlobalSection
	GlobalSection(ProjectConfigurationPlatforms) = postSolution
		{8F4B4792-BAC5-4A24-BC53-0E5B083E0561}.Debug|Any CPU.ActiveCfg = Debug|Any CPU
		{8F4B4792-BAC5-4A24-BC53-0E5B083E0561}.Debug|Any CPU.Build.0 = Debug|Any CPU
		{8F4B4792-BAC5-4A24-BC53-0E5B083E0561}.Release|Any CPU.ActiveCfg = Release|Any CPU
		{8F4B4792-BAC5-4A24-BC53-0E5B083E0561}.Release|Any CPU.Build.0 = Release|Any CPU
	EndGlobalSection
	GlobalSection(SolutionProperties) = preSolution
		HideSolutionNode = FALSE
	EndGlobalSection
	GlobalSection(ExtensibilityGlobals) = postSolution
		SolutionGuid = {D8142AC7-DB2B-48A0-AF66-6B3132CF9B17}
	EndGlobalSection
EndGlobal
